
Microsoft Visual Studio Solution File, Format Version 12.00
# Visual Studio Version 17
VisualStudioVersion = 17.8.34330.188
MinimumVisualStudioVersion = 10.0.40219.1
Project("{FAE04EC0-301F-11D3-BF4B-00C04F79EFBC}") = "ATMApp", "ATMApp\ATMApp.csproj", "{1EC314F9-3B87-4C4F-8796-9BD901BB14CB}"
EndProject
Project("{FAE04EC0-301F-11D3-BF4B-00C04F79EFBC}") = "ATMApp.Lib", "ATMApp.Lib\ATMApp.Lib.csproj", "{5C16E17C-DCDB-4246-A8FA-C6F275140FDA}"
EndProject
Global
	GlobalSection(SolutionConfigurationPlatforms) = preSolution
		Debug|Any CPU = Debug|Any CPU
		Release|Any CPU = Release|Any CPU
	EndGlobalSection
	GlobalSection(ProjectConfigurationPlatforms) = postSolution
		{1EC314F9-3B87-4C4F-8796-9BD901BB14CB}.Debug|Any CPU.ActiveCfg = Debug|Any CPU
		{1EC314F9-3B87-4C4F-8796-9BD901BB14CB}.Debug|Any CPU.Build.0 = Debug|Any CPU
		{1EC314F9-3B87-4C4F-8796-9BD901BB14CB}.Release|Any CPU.ActiveCfg = Release|Any CPU
		{1EC314F9-3B87-4C4F-8796-9BD901BB14CB}.Release|Any CPU.Build.0 = Release|Any CPU
		{5C16E17C-DCDB-4246-A8FA-C6F275140FDA}.Debug|Any CPU.ActiveCfg = Debug|Any CPU
		{5C16E17C-DCDB-4246-A8FA-C6F275140FDA}.Debug|Any CPU.Build.0 = Debug|Any CPU
		{5C16E17C-DCDB-4246-A8FA-C6F275140FDA}.Release|Any CPU.ActiveCfg = Release|Any CPU
		{5C16E17C-DCDB-4246-A8FA-C6F275140FDA}.Release|Any CPU.Build.0 = Release|Any CPU
	EndGlobalSection
	GlobalSection(SolutionProperties) = preSolution
		HideSolutionNode = FALSE
	EndGlobalSection
	GlobalSection(ExtensibilityGlobals) = postSolution
		SolutionGuid = {7CA45552-B641-4FAC-BA88-BF466700C595}
	EndGlobalSection
EndGlobal
